
Microsoft Visual Studio Solution File, Format Version 12.00
# Visual Studio Version 17
VisualStudioVersion = 17.10.34916.146
MinimumVisualStudioVersion = 10.0.40219.1
Project("{FAE04EC0-301F-11D3-BF4B-00C04F79EFBC}") = "AppProjetoEscola", "AppProjetoEscola.csproj", "{DE6B2AB3-411A-4887-93AB-EAEAC756BD0F}"
EndProject
Global
	GlobalSection(SolutionConfigurationPlatforms) = preSolution
		Debug|Any CPU = Debug|Any CPU
		Release|Any CPU = Release|Any CPU
	EndGlobalSection
	GlobalSection(ProjectConfigurationPlatforms) = postSolution
		{DE6B2AB3-411A-4887-93AB-EAEAC756BD0F}.Debug|Any CPU.ActiveCfg = Debug|Any CPU
		{DE6B2AB3-411A-4887-93AB-EAEAC756BD0F}.Debug|Any CPU.Build.0 = Debug|Any CPU
		{DE6B2AB3-411A-4887-93AB-EAEAC756BD0F}.Release|Any CPU.ActiveCfg = Release|Any CPU
		{DE6B2AB3-411A-4887-93AB-EAEAC756BD0F}.Release|Any CPU.Build.0 = Release|Any CPU
	EndGlobalSection
	GlobalSection(SolutionProperties) = preSolution
		HideSolutionNode = FALSE
	EndGlobalSection
	GlobalSection(ExtensibilityGlobals) = postSolution
		SolutionGuid = {8DA47E1A-6C3A-4631-964C-3DD28818FDBA}
	EndGlobalSection
EndGlobal
